
Microsoft Visual Studio Solution File, Format Version 12.00
# Visual Studio Version 17
VisualStudioVersion = 17.0.31903.59
MinimumVisualStudioVersion = 10.0.40219.1
Project("{FAE04EC0-301F-11D3-BF4B-00C04F79EFBC}") = "Template", "..\modules\template\backend\Template\Template.csproj", "{3A732EB6-3169-408B-B0FD-5D94B418DE25}"
EndProject
Project("{9A19103F-16F7-4668-BE54-9A1E7A4F7556}") = "Core", "Core\Core.csproj", "{F2850118-E7CF-4EFB-8048-87773B0EE5D7}"
EndProject
Project("{9A19103F-16F7-4668-BE54-9A1E7A4F7556}") = "Api", "Api\Api.csproj", "{48A374D9-B9F7-443A-92AA-0E14B4B7414A}"
EndProject
Project("{FAE04EC0-301F-11D3-BF4B-00C04F79EFBC}") = "Cli", "..\modules\cli\backend\Cli\Cli.csproj", "{1335DAEE-F81A-4A2F-A9F0-E64B701B2061}"
EndProject
Project("{FAE04EC0-301F-11D3-BF4B-00C04F79EFBC}") = "Cli.Tests", "..\modules\cli\backend\Cli.Tests\Cli.Tests.csproj", "{32F2D96A-4F31-411B-88FB-DCB21D150940}"
EndProject
Project("{FAE04EC0-301F-11D3-BF4B-00C04F79EFBC}") = "Database", "..\modules\database\backend\Database\Database.csproj", "{9084271D-2F1C-425B-8C82-9C6E839EF4FB}"
EndProject
Project("{FAE04EC0-301F-11D3-BF4B-00C04F79EFBC}") = "Auth", "..\modules\auth\backend\Auth\Auth.csproj", "{E6B0C345-800C-40E9-9CC5-4681CC37A6C9}"
EndProject
Project("{FAE04EC0-301F-11D3-BF4B-00C04F79EFBC}") = "Core.Abstractions", "Core.Abstractions\Core.Abstractions.csproj", "{14FA9218-ED25-45BD-A411-0CEA7774300D}"
EndProject
Project("{FAE04EC0-301F-11D3-BF4B-00C04F79EFBC}") = "Auth.Abstractions", "..\modules\auth\backend\Auth.Abstractions\Auth.Abstractions.csproj", "{65955BBF-9598-42F1-BA46-BDA4F1A5BFEB}"
EndProject
Project("{FAE04EC0-301F-11D3-BF4B-00C04F79EFBC}") = "Github", "..\modules\github\backend\Github\Github.csproj", "{700858BD-C3B6-4C33-B83D-7AD9A655E4D0}"
EndProject
Project("{FAE04EC0-301F-11D3-BF4B-00C04F79EFBC}") = "Github.Abstractions", "..\modules\github\backend\Github.Abstractions\Github.Abstractions.csproj", "{EDCB879E-FC07-4AD9-9271-94E751DF015F}"
EndProject
Project("{FAE04EC0-301F-11D3-BF4B-00C04F79EFBC}") = "Cli.Auth", "..\modules\cli\backend\Cli.Auth\Cli.Auth.csproj", "{90F81A69-8E09-46D3-ABAC-3CCA3D484364}"
EndProject
Project("{FAE04EC0-301F-11D3-BF4B-00C04F79EFBC}") = "Api.Abstractions", "Api.Abstractions\Api.Abstractions.csproj", "{315553B2-2915-446E-81C0-944CBF039527}"
EndProject
Project("{FAE04EC0-301F-11D3-BF4B-00C04F79EFBC}") = "Api.Data", "Api.Data\Api.Data.csproj", "{02C77853-FCB6-40E1-9FBE-1290FE3277BF}"
EndProject
Project("{FAE04EC0-301F-11D3-BF4B-00C04F79EFBC}") = "Api.Tests", "Api.Tests\Api.Tests.csproj", "{9666A684-BEFF-4DA8-BC35-4CA783CDEC92}"
EndProject
Project("{FAE04EC0-301F-11D3-BF4B-00C04F79EFBC}") = "Api.Hosting", "Api.Hosting\Api.Hosting.csproj", "{EE656387-5092-4829-B508-5628DE979691}"
EndProject
Project("{FAE04EC0-301F-11D3-BF4B-00C04F79EFBC}") = "Storage", "..\modules\storage\backend\Storage\Storage.csproj", "{0DA4166D-BB33-4AFD-A9DE-C658B706FA8A}"
EndProject
Project("{FAE04EC0-301F-11D3-BF4B-00C04F79EFBC}") = "Hangfire", "..\modules\hangfire\backend\Hangfire\Hangfire.csproj", "{6A13B04A-32AC-41CE-9B39-FE3CC3D9CC85}"
EndProject
Global
	GlobalSection(SolutionConfigurationPlatforms) = preSolution
		Debug|Any CPU = Debug|Any CPU
		Debug|x64 = Debug|x64
		Debug|x86 = Debug|x86
		Release|Any CPU = Release|Any CPU
		Release|x64 = Release|x64
		Release|x86 = Release|x86
	EndGlobalSection
	GlobalSection(ProjectConfigurationPlatforms) = postSolution
		{3A732EB6-3169-408B-B0FD-5D94B418DE25}.Debug|Any CPU.ActiveCfg = Debug|Any CPU
		{3A732EB6-3169-408B-B0FD-5D94B418DE25}.Debug|Any CPU.Build.0 = Debug|Any CPU
		{3A732EB6-3169-408B-B0FD-5D94B418DE25}.Debug|x64.ActiveCfg = Debug|Any CPU
		{3A732EB6-3169-408B-B0FD-5D94B418DE25}.Debug|x64.Build.0 = Debug|Any CPU
		{3A732EB6-3169-408B-B0FD-5D94B418DE25}.Debug|x86.ActiveCfg = Debug|Any CPU
		{3A732EB6-3169-408B-B0FD-5D94B418DE25}.Debug|x86.Build.0 = Debug|Any CPU
		{3A732EB6-3169-408B-B0FD-5D94B418DE25}.Release|Any CPU.ActiveCfg = Release|Any CPU
		{3A732EB6-3169-408B-B0FD-5D94B418DE25}.Release|Any CPU.Build.0 = Release|Any CPU
		{3A732EB6-3169-408B-B0FD-5D94B418DE25}.Release|x64.ActiveCfg = Release|Any CPU
		{3A732EB6-3169-408B-B0FD-5D94B418DE25}.Release|x64.Build.0 = Release|Any CPU
		{3A732EB6-3169-408B-B0FD-5D94B418DE25}.Release|x86.ActiveCfg = Release|Any CPU
		{3A732EB6-3169-408B-B0FD-5D94B418DE25}.Release|x86.Build.0 = Release|Any CPU
		{F2850118-E7CF-4EFB-8048-87773B0EE5D7}.Debug|Any CPU.ActiveCfg = Debug|Any CPU
		{F2850118-E7CF-4EFB-8048-87773B0EE5D7}.Debug|Any CPU.Build.0 = Debug|Any CPU
		{F2850118-E7CF-4EFB-8048-87773B0EE5D7}.Debug|x64.ActiveCfg = Debug|Any CPU
		{F2850118-E7CF-4EFB-8048-87773B0EE5D7}.Debug|x64.Build.0 = Debug|Any CPU
		{F2850118-E7CF-4EFB-8048-87773B0EE5D7}.Debug|x86.ActiveCfg = Debug|Any CPU
		{F2850118-E7CF-4EFB-8048-87773B0EE5D7}.Debug|x86.Build.0 = Debug|Any CPU
		{F2850118-E7CF-4EFB-8048-87773B0EE5D7}.Release|Any CPU.ActiveCfg = Release|Any CPU
		{F2850118-E7CF-4EFB-8048-87773B0EE5D7}.Release|Any CPU.Build.0 = Release|Any CPU
		{F2850118-E7CF-4EFB-8048-87773B0EE5D7}.Release|x64.ActiveCfg = Release|Any CPU
		{F2850118-E7CF-4EFB-8048-87773B0EE5D7}.Release|x64.Build.0 = Release|Any CPU
		{F2850118-E7CF-4EFB-8048-87773B0EE5D7}.Release|x86.ActiveCfg = Release|Any CPU
		{F2850118-E7CF-4EFB-8048-87773B0EE5D7}.Release|x86.Build.0 = Release|Any CPU
		{48A374D9-B9F7-443A-92AA-0E14B4B7414A}.Debug|Any CPU.ActiveCfg = Debug|Any CPU
		{48A374D9-B9F7-443A-92AA-0E14B4B7414A}.Debug|Any CPU.Build.0 = Debug|Any CPU
		{48A374D9-B9F7-443A-92AA-0E14B4B7414A}.Debug|x64.ActiveCfg = Debug|Any CPU
		{48A374D9-B9F7-443A-92AA-0E14B4B7414A}.Debug|x64.Build.0 = Debug|Any CPU
		{48A374D9-B9F7-443A-92AA-0E14B4B7414A}.Debug|x86.ActiveCfg = Debug|Any CPU
		{48A374D9-B9F7-443A-92AA-0E14B4B7414A}.Debug|x86.Build.0 = Debug|Any CPU
		{48A374D9-B9F7-443A-92AA-0E14B4B7414A}.Release|Any CPU.ActiveCfg = Release|Any CPU
		{48A374D9-B9F7-443A-92AA-0E14B4B7414A}.Release|Any CPU.Build.0 = Release|Any CPU
		{48A374D9-B9F7-443A-92AA-0E14B4B7414A}.Release|x64.ActiveCfg = Release|Any CPU
		{48A374D9-B9F7-443A-92AA-0E14B4B7414A}.Release|x64.Build.0 = Release|Any CPU
		{48A374D9-B9F7-443A-92AA-0E14B4B7414A}.Release|x86.ActiveCfg = Release|Any CPU
		{48A374D9-B9F7-443A-92AA-0E14B4B7414A}.Release|x86.Build.0 = Release|Any CPU
		{1335DAEE-F81A-4A2F-A9F0-E64B701B2061}.Debug|Any CPU.ActiveCfg = Debug|Any CPU
		{1335DAEE-F81A-4A2F-A9F0-E64B701B2061}.Debug|Any CPU.Build.0 = Debug|Any CPU
		{1335DAEE-F81A-4A2F-A9F0-E64B701B2061}.Debug|x64.ActiveCfg = Debug|Any CPU
		{1335DAEE-F81A-4A2F-A9F0-E64B701B2061}.Debug|x64.Build.0 = Debug|Any CPU
		{1335DAEE-F81A-4A2F-A9F0-E64B701B2061}.Debug|x86.ActiveCfg = Debug|Any CPU
		{1335DAEE-F81A-4A2F-A9F0-E64B701B2061}.Debug|x86.Build.0 = Debug|Any CPU
		{1335DAEE-F81A-4A2F-A9F0-E64B701B2061}.Release|Any CPU.ActiveCfg = Release|Any CPU
		{1335DAEE-F81A-4A2F-A9F0-E64B701B2061}.Release|Any CPU.Build.0 = Release|Any CPU
		{1335DAEE-F81A-4A2F-A9F0-E64B701B2061}.Release|x64.ActiveCfg = Release|Any CPU
		{1335DAEE-F81A-4A2F-A9F0-E64B701B2061}.Release|x64.Build.0 = Release|Any CPU
		{1335DAEE-F81A-4A2F-A9F0-E64B701B2061}.Release|x86.ActiveCfg = Release|Any CPU
		{1335DAEE-F81A-4A2F-A9F0-E64B701B2061}.Release|x86.Build.0 = Release|Any CPU
		{32F2D96A-4F31-411B-88FB-DCB21D150940}.Debug|Any CPU.ActiveCfg = Debug|Any CPU
		{32F2D96A-4F31-411B-88FB-DCB21D150940}.Debug|Any CPU.Build.0 = Debug|Any CPU
		{32F2D96A-4F31-411B-88FB-DCB21D150940}.Debug|x64.ActiveCfg = Debug|Any CPU
		{32F2D96A-4F31-411B-88FB-DCB21D150940}.Debug|x64.Build.0 = Debug|Any CPU
		{32F2D96A-4F31-411B-88FB-DCB21D150940}.Debug|x86.ActiveCfg = Debug|Any CPU
		{32F2D96A-4F31-411B-88FB-DCB21D150940}.Debug|x86.Build.0 = Debug|Any CPU
		{32F2D96A-4F31-411B-88FB-DCB21D150940}.Release|Any CPU.ActiveCfg = Release|Any CPU
		{32F2D96A-4F31-411B-88FB-DCB21D150940}.Release|Any CPU.Build.0 = Release|Any CPU
		{32F2D96A-4F31-411B-88FB-DCB21D150940}.Release|x64.ActiveCfg = Release|Any CPU
		{32F2D96A-4F31-411B-88FB-DCB21D150940}.Release|x64.Build.0 = Release|Any CPU
		{32F2D96A-4F31-411B-88FB-DCB21D150940}.Release|x86.ActiveCfg = Release|Any CPU
		{32F2D96A-4F31-411B-88FB-DCB21D150940}.Release|x86.Build.0 = Release|Any CPU
		{9084271D-2F1C-425B-8C82-9C6E839EF4FB}.Debug|Any CPU.ActiveCfg = Debug|Any CPU
		{9084271D-2F1C-425B-8C82-9C6E839EF4FB}.Debug|Any CPU.Build.0 = Debug|Any CPU
		{9084271D-2F1C-425B-8C82-9C6E839EF4FB}.Debug|x64.ActiveCfg = Debug|Any CPU
		{9084271D-2F1C-425B-8C82-9C6E839EF4FB}.Debug|x64.Build.0 = Debug|Any CPU
		{9084271D-2F1C-425B-8C82-9C6E839EF4FB}.Debug|x86.ActiveCfg = Debug|Any CPU
		{9084271D-2F1C-425B-8C82-9C6E839EF4FB}.Debug|x86.Build.0 = Debug|Any CPU
		{9084271D-2F1C-425B-8C82-9C6E839EF4FB}.Release|Any CPU.ActiveCfg = Release|Any CPU
		{9084271D-2F1C-425B-8C82-9C6E839EF4FB}.Release|Any CPU.Build.0 = Release|Any CPU
		{9084271D-2F1C-425B-8C82-9C6E839EF4FB}.Release|x64.ActiveCfg = Release|Any CPU
		{9084271D-2F1C-425B-8C82-9C6E839EF4FB}.Release|x64.Build.0 = Release|Any CPU
		{9084271D-2F1C-425B-8C82-9C6E839EF4FB}.Release|x86.ActiveCfg = Release|Any CPU
		{9084271D-2F1C-425B-8C82-9C6E839EF4FB}.Release|x86.Build.0 = Release|Any CPU
		{E6B0C345-800C-40E9-9CC5-4681CC37A6C9}.Debug|Any CPU.ActiveCfg = Debug|Any CPU
		{E6B0C345-800C-40E9-9CC5-4681CC37A6C9}.Debug|Any CPU.Build.0 = Debug|Any CPU
		{E6B0C345-800C-40E9-9CC5-4681CC37A6C9}.Debug|x64.ActiveCfg = Debug|Any CPU
		{E6B0C345-800C-40E9-9CC5-4681CC37A6C9}.Debug|x64.Build.0 = Debug|Any CPU
		{E6B0C345-800C-40E9-9CC5-4681CC37A6C9}.Debug|x86.ActiveCfg = Debug|Any CPU
		{E6B0C345-800C-40E9-9CC5-4681CC37A6C9}.Debug|x86.Build.0 = Debug|Any CPU
		{E6B0C345-800C-40E9-9CC5-4681CC37A6C9}.Release|Any CPU.ActiveCfg = Release|Any CPU
		{E6B0C345-800C-40E9-9CC5-4681CC37A6C9}.Release|Any CPU.Build.0 = Release|Any CPU
		{E6B0C345-800C-40E9-9CC5-4681CC37A6C9}.Release|x64.ActiveCfg = Release|Any CPU
		{E6B0C345-800C-40E9-9CC5-4681CC37A6C9}.Release|x64.Build.0 = Release|Any CPU
		{E6B0C345-800C-40E9-9CC5-4681CC37A6C9}.Release|x86.ActiveCfg = Release|Any CPU
		{E6B0C345-800C-40E9-9CC5-4681CC37A6C9}.Release|x86.Build.0 = Release|Any CPU
		{14FA9218-ED25-45BD-A411-0CEA7774300D}.Debug|Any CPU.ActiveCfg = Debug|Any CPU
		{14FA9218-ED25-45BD-A411-0CEA7774300D}.Debug|Any CPU.Build.0 = Debug|Any CPU
		{14FA9218-ED25-45BD-A411-0CEA7774300D}.Debug|x64.ActiveCfg = Debug|Any CPU
		{14FA9218-ED25-45BD-A411-0CEA7774300D}.Debug|x64.Build.0 = Debug|Any CPU
		{14FA9218-ED25-45BD-A411-0CEA7774300D}.Debug|x86.ActiveCfg = Debug|Any CPU
		{14FA9218-ED25-45BD-A411-0CEA7774300D}.Debug|x86.Build.0 = Debug|Any CPU
		{14FA9218-ED25-45BD-A411-0CEA7774300D}.Release|Any CPU.ActiveCfg = Release|Any CPU
		{14FA9218-ED25-45BD-A411-0CEA7774300D}.Release|Any CPU.Build.0 = Release|Any CPU
		{14FA9218-ED25-45BD-A411-0CEA7774300D}.Release|x64.ActiveCfg = Release|Any CPU
		{14FA9218-ED25-45BD-A411-0CEA7774300D}.Release|x64.Build.0 = Release|Any CPU
		{14FA9218-ED25-45BD-A411-0CEA7774300D}.Release|x86.ActiveCfg = Release|Any CPU
		{14FA9218-ED25-45BD-A411-0CEA7774300D}.Release|x86.Build.0 = Release|Any CPU
		{65955BBF-9598-42F1-BA46-BDA4F1A5BFEB}.Debug|Any CPU.ActiveCfg = Debug|Any CPU
		{65955BBF-9598-42F1-BA46-BDA4F1A5BFEB}.Debug|Any CPU.Build.0 = Debug|Any CPU
		{65955BBF-9598-42F1-BA46-BDA4F1A5BFEB}.Debug|x64.ActiveCfg = Debug|Any CPU
		{65955BBF-9598-42F1-BA46-BDA4F1A5BFEB}.Debug|x64.Build.0 = Debug|Any CPU
		{65955BBF-9598-42F1-BA46-BDA4F1A5BFEB}.Debug|x86.ActiveCfg = Debug|Any CPU
		{65955BBF-9598-42F1-BA46-BDA4F1A5BFEB}.Debug|x86.Build.0 = Debug|Any CPU
		{65955BBF-9598-42F1-BA46-BDA4F1A5BFEB}.Release|Any CPU.ActiveCfg = Release|Any CPU
		{65955BBF-9598-42F1-BA46-BDA4F1A5BFEB}.Release|Any CPU.Build.0 = Release|Any CPU
		{65955BBF-9598-42F1-BA46-BDA4F1A5BFEB}.Release|x64.ActiveCfg = Release|Any CPU
		{65955BBF-9598-42F1-BA46-BDA4F1A5BFEB}.Release|x64.Build.0 = Release|Any CPU
		{65955BBF-9598-42F1-BA46-BDA4F1A5BFEB}.Release|x86.ActiveCfg = Release|Any CPU
		{65955BBF-9598-42F1-BA46-BDA4F1A5BFEB}.Release|x86.Build.0 = Release|Any CPU
		{700858BD-C3B6-4C33-B83D-7AD9A655E4D0}.Debug|Any CPU.ActiveCfg = Debug|Any CPU
		{700858BD-C3B6-4C33-B83D-7AD9A655E4D0}.Debug|Any CPU.Build.0 = Debug|Any CPU
		{700858BD-C3B6-4C33-B83D-7AD9A655E4D0}.Debug|x64.ActiveCfg = Debug|Any CPU
		{700858BD-C3B6-4C33-B83D-7AD9A655E4D0}.Debug|x64.Build.0 = Debug|Any CPU
		{700858BD-C3B6-4C33-B83D-7AD9A655E4D0}.Debug|x86.ActiveCfg = Debug|Any CPU
		{700858BD-C3B6-4C33-B83D-7AD9A655E4D0}.Debug|x86.Build.0 = Debug|Any CPU
		{700858BD-C3B6-4C33-B83D-7AD9A655E4D0}.Release|Any CPU.ActiveCfg = Release|Any CPU
		{700858BD-C3B6-4C33-B83D-7AD9A655E4D0}.Release|Any CPU.Build.0 = Release|Any CPU
		{700858BD-C3B6-4C33-B83D-7AD9A655E4D0}.Release|x64.ActiveCfg = Release|Any CPU
		{700858BD-C3B6-4C33-B83D-7AD9A655E4D0}.Release|x64.Build.0 = Release|Any CPU
		{700858BD-C3B6-4C33-B83D-7AD9A655E4D0}.Release|x86.ActiveCfg = Release|Any CPU
		{700858BD-C3B6-4C33-B83D-7AD9A655E4D0}.Release|x86.Build.0 = Release|Any CPU
		{EDCB879E-FC07-4AD9-9271-94E751DF015F}.Debug|Any CPU.ActiveCfg = Debug|Any CPU
		{EDCB879E-FC07-4AD9-9271-94E751DF015F}.Debug|Any CPU.Build.0 = Debug|Any CPU
		{EDCB879E-FC07-4AD9-9271-94E751DF015F}.Debug|x64.ActiveCfg = Debug|Any CPU
		{EDCB879E-FC07-4AD9-9271-94E751DF015F}.Debug|x64.Build.0 = Debug|Any CPU
		{EDCB879E-FC07-4AD9-9271-94E751DF015F}.Debug|x86.ActiveCfg = Debug|Any CPU
		{EDCB879E-FC07-4AD9-9271-94E751DF015F}.Debug|x86.Build.0 = Debug|Any CPU
		{EDCB879E-FC07-4AD9-9271-94E751DF015F}.Release|Any CPU.ActiveCfg = Release|Any CPU
		{EDCB879E-FC07-4AD9-9271-94E751DF015F}.Release|Any CPU.Build.0 = Release|Any CPU
		{EDCB879E-FC07-4AD9-9271-94E751DF015F}.Release|x64.ActiveCfg = Release|Any CPU
		{EDCB879E-FC07-4AD9-9271-94E751DF015F}.Release|x64.Build.0 = Release|Any CPU
		{EDCB879E-FC07-4AD9-9271-94E751DF015F}.Release|x86.ActiveCfg = Release|Any CPU
		{EDCB879E-FC07-4AD9-9271-94E751DF015F}.Release|x86.Build.0 = Release|Any CPU
		{90F81A69-8E09-46D3-ABAC-3CCA3D484364}.Debug|Any CPU.ActiveCfg = Debug|Any CPU
		{90F81A69-8E09-46D3-ABAC-3CCA3D484364}.Debug|Any CPU.Build.0 = Debug|Any CPU
		{90F81A69-8E09-46D3-ABAC-3CCA3D484364}.Debug|x64.ActiveCfg = Debug|Any CPU
		{90F81A69-8E09-46D3-ABAC-3CCA3D484364}.Debug|x64.Build.0 = Debug|Any CPU
		{90F81A69-8E09-46D3-ABAC-3CCA3D484364}.Debug|x86.ActiveCfg = Debug|Any CPU
		{90F81A69-8E09-46D3-ABAC-3CCA3D484364}.Debug|x86.Build.0 = Debug|Any CPU
		{90F81A69-8E09-46D3-ABAC-3CCA3D484364}.Release|Any CPU.ActiveCfg = Release|Any CPU
		{90F81A69-8E09-46D3-ABAC-3CCA3D484364}.Release|Any CPU.Build.0 = Release|Any CPU
		{90F81A69-8E09-46D3-ABAC-3CCA3D484364}.Release|x64.ActiveCfg = Release|Any CPU
		{90F81A69-8E09-46D3-ABAC-3CCA3D484364}.Release|x64.Build.0 = Release|Any CPU
		{90F81A69-8E09-46D3-ABAC-3CCA3D484364}.Release|x86.ActiveCfg = Release|Any CPU
		{90F81A69-8E09-46D3-ABAC-3CCA3D484364}.Release|x86.Build.0 = Release|Any CPU
		{315553B2-2915-446E-81C0-944CBF039527}.Debug|Any CPU.ActiveCfg = Debug|Any CPU
		{315553B2-2915-446E-81C0-944CBF039527}.Debug|Any CPU.Build.0 = Debug|Any CPU
		{315553B2-2915-446E-81C0-944CBF039527}.Debug|x64.ActiveCfg = Debug|Any CPU
		{315553B2-2915-446E-81C0-944CBF039527}.Debug|x64.Build.0 = Debug|Any CPU
		{315553B2-2915-446E-81C0-944CBF039527}.Debug|x86.ActiveCfg = Debug|Any CPU
		{315553B2-2915-446E-81C0-944CBF039527}.Debug|x86.Build.0 = Debug|Any CPU
		{315553B2-2915-446E-81C0-944CBF039527}.Release|Any CPU.ActiveCfg = Release|Any CPU
		{315553B2-2915-446E-81C0-944CBF039527}.Release|Any CPU.Build.0 = Release|Any CPU
		{315553B2-2915-446E-81C0-944CBF039527}.Release|x64.ActiveCfg = Release|Any CPU
		{315553B2-2915-446E-81C0-944CBF039527}.Release|x64.Build.0 = Release|Any CPU
		{315553B2-2915-446E-81C0-944CBF039527}.Release|x86.ActiveCfg = Release|Any CPU
		{315553B2-2915-446E-81C0-944CBF039527}.Release|x86.Build.0 = Release|Any CPU
		{02C77853-FCB6-40E1-9FBE-1290FE3277BF}.Debug|Any CPU.ActiveCfg = Debug|Any CPU
		{02C77853-FCB6-40E1-9FBE-1290FE3277BF}.Debug|Any CPU.Build.0 = Debug|Any CPU
		{02C77853-FCB6-40E1-9FBE-1290FE3277BF}.Debug|x64.ActiveCfg = Debug|Any CPU
		{02C77853-FCB6-40E1-9FBE-1290FE3277BF}.Debug|x64.Build.0 = Debug|Any CPU
		{02C77853-FCB6-40E1-9FBE-1290FE3277BF}.Debug|x86.ActiveCfg = Debug|Any CPU
		{02C77853-FCB6-40E1-9FBE-1290FE3277BF}.Debug|x86.Build.0 = Debug|Any CPU
		{02C77853-FCB6-40E1-9FBE-1290FE3277BF}.Release|Any CPU.ActiveCfg = Release|Any CPU
		{02C77853-FCB6-40E1-9FBE-1290FE3277BF}.Release|Any CPU.Build.0 = Release|Any CPU
		{02C77853-FCB6-40E1-9FBE-1290FE3277BF}.Release|x64.ActiveCfg = Release|Any CPU
		{02C77853-FCB6-40E1-9FBE-1290FE3277BF}.Release|x64.Build.0 = Release|Any CPU
		{02C77853-FCB6-40E1-9FBE-1290FE3277BF}.Release|x86.ActiveCfg = Release|Any CPU
		{02C77853-FCB6-40E1-9FBE-1290FE3277BF}.Release|x86.Build.0 = Release|Any CPU
		{9666A684-BEFF-4DA8-BC35-4CA783CDEC92}.Debug|Any CPU.ActiveCfg = Debug|Any CPU
		{9666A684-BEFF-4DA8-BC35-4CA783CDEC92}.Debug|Any CPU.Build.0 = Debug|Any CPU
		{9666A684-BEFF-4DA8-BC35-4CA783CDEC92}.Debug|x64.ActiveCfg = Debug|Any CPU
		{9666A684-BEFF-4DA8-BC35-4CA783CDEC92}.Debug|x64.Build.0 = Debug|Any CPU
		{9666A684-BEFF-4DA8-BC35-4CA783CDEC92}.Debug|x86.ActiveCfg = Debug|Any CPU
		{9666A684-BEFF-4DA8-BC35-4CA783CDEC92}.Debug|x86.Build.0 = Debug|Any CPU
		{9666A684-BEFF-4DA8-BC35-4CA783CDEC92}.Release|Any CPU.ActiveCfg = Release|Any CPU
		{9666A684-BEFF-4DA8-BC35-4CA783CDEC92}.Release|Any CPU.Build.0 = Release|Any CPU
		{9666A684-BEFF-4DA8-BC35-4CA783CDEC92}.Release|x64.ActiveCfg = Release|Any CPU
		{9666A684-BEFF-4DA8-BC35-4CA783CDEC92}.Release|x64.Build.0 = Release|Any CPU
		{9666A684-BEFF-4DA8-BC35-4CA783CDEC92}.Release|x86.ActiveCfg = Release|Any CPU
		{9666A684-BEFF-4DA8-BC35-4CA783CDEC92}.Release|x86.Build.0 = Release|Any CPU
		{EE656387-5092-4829-B508-5628DE979691}.Debug|Any CPU.ActiveCfg = Debug|Any CPU
		{EE656387-5092-4829-B508-5628DE979691}.Debug|Any CPU.Build.0 = Debug|Any CPU
		{EE656387-5092-4829-B508-5628DE979691}.Debug|x64.ActiveCfg = Debug|Any CPU
		{EE656387-5092-4829-B508-5628DE979691}.Debug|x64.Build.0 = Debug|Any CPU
		{EE656387-5092-4829-B508-5628DE979691}.Debug|x86.ActiveCfg = Debug|Any CPU
		{EE656387-5092-4829-B508-5628DE979691}.Debug|x86.Build.0 = Debug|Any CPU
		{EE656387-5092-4829-B508-5628DE979691}.Release|Any CPU.ActiveCfg = Release|Any CPU
		{EE656387-5092-4829-B508-5628DE979691}.Release|Any CPU.Build.0 = Release|Any CPU
		{EE656387-5092-4829-B508-5628DE979691}.Release|x64.ActiveCfg = Release|Any CPU
		{EE656387-5092-4829-B508-5628DE979691}.Release|x64.Build.0 = Release|Any CPU
		{EE656387-5092-4829-B508-5628DE979691}.Release|x86.ActiveCfg = Release|Any CPU
		{EE656387-5092-4829-B508-5628DE979691}.Release|x86.Build.0 = Release|Any CPU
		{0DA4166D-BB33-4AFD-A9DE-C658B706FA8A}.Debug|Any CPU.ActiveCfg = Debug|Any CPU
		{0DA4166D-BB33-4AFD-A9DE-C658B706FA8A}.Debug|Any CPU.Build.0 = Debug|Any CPU
		{0DA4166D-BB33-4AFD-A9DE-C658B706FA8A}.Debug|x64.ActiveCfg = Debug|Any CPU
		{0DA4166D-BB33-4AFD-A9DE-C658B706FA8A}.Debug|x64.Build.0 = Debug|Any CPU
		{0DA4166D-BB33-4AFD-A9DE-C658B706FA8A}.Debug|x86.ActiveCfg = Debug|Any CPU
		{0DA4166D-BB33-4AFD-A9DE-C658B706FA8A}.Debug|x86.Build.0 = Debug|Any CPU
		{0DA4166D-BB33-4AFD-A9DE-C658B706FA8A}.Release|Any CPU.ActiveCfg = Release|Any CPU
		{0DA4166D-BB33-4AFD-A9DE-C658B706FA8A}.Release|Any CPU.Build.0 = Release|Any CPU
		{0DA4166D-BB33-4AFD-A9DE-C658B706FA8A}.Release|x64.ActiveCfg = Release|Any CPU
		{0DA4166D-BB33-4AFD-A9DE-C658B706FA8A}.Release|x64.Build.0 = Release|Any CPU
		{0DA4166D-BB33-4AFD-A9DE-C658B706FA8A}.Release|x86.ActiveCfg = Release|Any CPU
		{0DA4166D-BB33-4AFD-A9DE-C658B706FA8A}.Release|x86.Build.0 = Release|Any CPU
		{6A13B04A-32AC-41CE-9B39-FE3CC3D9CC85}.Debug|Any CPU.ActiveCfg = Debug|Any CPU
		{6A13B04A-32AC-41CE-9B39-FE3CC3D9CC85}.Debug|Any CPU.Build.0 = Debug|Any CPU
		{6A13B04A-32AC-41CE-9B39-FE3CC3D9CC85}.Debug|x64.ActiveCfg = Debug|Any CPU
		{6A13B04A-32AC-41CE-9B39-FE3CC3D9CC85}.Debug|x64.Build.0 = Debug|Any CPU
		{6A13B04A-32AC-41CE-9B39-FE3CC3D9CC85}.Debug|x86.ActiveCfg = Debug|Any CPU
		{6A13B04A-32AC-41CE-9B39-FE3CC3D9CC85}.Debug|x86.Build.0 = Debug|Any CPU
		{6A13B04A-32AC-41CE-9B39-FE3CC3D9CC85}.Release|Any CPU.ActiveCfg = Release|Any CPU
		{6A13B04A-32AC-41CE-9B39-FE3CC3D9CC85}.Release|Any CPU.Build.0 = Release|Any CPU
		{6A13B04A-32AC-41CE-9B39-FE3CC3D9CC85}.Release|x64.ActiveCfg = Release|Any CPU
		{6A13B04A-32AC-41CE-9B39-FE3CC3D9CC85}.Release|x64.Build.0 = Release|Any CPU
		{6A13B04A-32AC-41CE-9B39-FE3CC3D9CC85}.Release|x86.ActiveCfg = Release|Any CPU
		{6A13B04A-32AC-41CE-9B39-FE3CC3D9CC85}.Release|x86.Build.0 = Release|Any CPU
	EndGlobalSection
	GlobalSection(SolutionProperties) = preSolution
		HideSolutionNode = FALSE
	EndGlobalSection
EndGlobal
