
Microsoft Visual Studio Solution File, Format Version 12.00
# Visual Studio Version 17
VisualStudioVersion = 17.0.31903.59
MinimumVisualStudioVersion = 10.0.40219.1
Project("{FAE04EC0-301F-11D3-BF4B-00C04F79EFBC}") = "Template", "..\modules\template\backend\Template\Template.csproj", "{3A732EB6-3169-408B-B0FD-5D94B418DE25}"
EndProject
Project("{9A19103F-16F7-4668-BE54-9A1E7A4F7556}") = "Core", "Core\Core.csproj", "{F2850118-E7CF-4EFB-8048-87773B0EE5D7}"
EndProject
Project("{9A19103F-16F7-4668-BE54-9A1E7A4F7556}") = "Api", "Api\Api.csproj", "{48A374D9-B9F7-443A-92AA-0E14B4B7414A}"
EndProject
Project("{FAE04EC0-301F-11D3-BF4B-00C04F79EFBC}") = "Cli", "..\modules\cli\backend\Cli\Cli.csproj", "{1335DAEE-F81A-4A2F-A9F0-E64B701B2061}"
EndProject
Project("{FAE04EC0-301F-11D3-BF4B-00C04F79EFBC}") = "Cli.Tests", "..\modules\cli\backend\Cli.Tests\Cli.Tests.csproj", "{32F2D96A-4F31-411B-88FB-DCB21D150940}"
EndProject
Project("{FAE04EC0-301F-11D3-BF4B-00C04F79EFBC}") = "Database", "..\modules\database\backend\Database\Database.csproj", "{9084271D-2F1C-425B-8C82-9C6E839EF4FB}"
EndProject
Project("{FAE04EC0-301F-11D3-BF4B-00C04F79EFBC}") = "Auth", "..\modules\auth\backend\Auth\Auth.csproj", "{E6B0C345-800C-40E9-9CC5-4681CC37A6C9}"
EndProject
Global
	GlobalSection(SolutionConfigurationPlatforms) = preSolution
		Debug|Any CPU = Debug|Any CPU
		Release|Any CPU = Release|Any CPU
	EndGlobalSection
	GlobalSection(ProjectConfigurationPlatforms) = postSolution
		{3A732EB6-3169-408B-B0FD-5D94B418DE25}.Debug|Any CPU.ActiveCfg = Debug|Any CPU
		{3A732EB6-3169-408B-B0FD-5D94B418DE25}.Debug|Any CPU.Build.0 = Debug|Any CPU
		{3A732EB6-3169-408B-B0FD-5D94B418DE25}.Release|Any CPU.ActiveCfg = Release|Any CPU
		{3A732EB6-3169-408B-B0FD-5D94B418DE25}.Release|Any CPU.Build.0 = Release|Any CPU
		{F2850118-E7CF-4EFB-8048-87773B0EE5D7}.Debug|Any CPU.ActiveCfg = Debug|Any CPU
		{F2850118-E7CF-4EFB-8048-87773B0EE5D7}.Debug|Any CPU.Build.0 = Debug|Any CPU
		{F2850118-E7CF-4EFB-8048-87773B0EE5D7}.Release|Any CPU.ActiveCfg = Release|Any CPU
		{F2850118-E7CF-4EFB-8048-87773B0EE5D7}.Release|Any CPU.Build.0 = Release|Any CPU
		{48A374D9-B9F7-443A-92AA-0E14B4B7414A}.Debug|Any CPU.ActiveCfg = Debug|Any CPU
		{48A374D9-B9F7-443A-92AA-0E14B4B7414A}.Debug|Any CPU.Build.0 = Debug|Any CPU
		{48A374D9-B9F7-443A-92AA-0E14B4B7414A}.Release|Any CPU.ActiveCfg = Release|Any CPU
		{48A374D9-B9F7-443A-92AA-0E14B4B7414A}.Release|Any CPU.Build.0 = Release|Any CPU
		{1335DAEE-F81A-4A2F-A9F0-E64B701B2061}.Debug|Any CPU.ActiveCfg = Debug|Any CPU
		{1335DAEE-F81A-4A2F-A9F0-E64B701B2061}.Debug|Any CPU.Build.0 = Debug|Any CPU
		{1335DAEE-F81A-4A2F-A9F0-E64B701B2061}.Release|Any CPU.ActiveCfg = Release|Any CPU
		{1335DAEE-F81A-4A2F-A9F0-E64B701B2061}.Release|Any CPU.Build.0 = Release|Any CPU
		{32F2D96A-4F31-411B-88FB-DCB21D150940}.Debug|Any CPU.ActiveCfg = Debug|Any CPU
		{32F2D96A-4F31-411B-88FB-DCB21D150940}.Debug|Any CPU.Build.0 = Debug|Any CPU
		{32F2D96A-4F31-411B-88FB-DCB21D150940}.Release|Any CPU.ActiveCfg = Release|Any CPU
		{32F2D96A-4F31-411B-88FB-DCB21D150940}.Release|Any CPU.Build.0 = Release|Any CPU
		{9084271D-2F1C-425B-8C82-9C6E839EF4FB}.Debug|Any CPU.ActiveCfg = Debug|Any CPU
		{9084271D-2F1C-425B-8C82-9C6E839EF4FB}.Debug|Any CPU.Build.0 = Debug|Any CPU
		{9084271D-2F1C-425B-8C82-9C6E839EF4FB}.Release|Any CPU.ActiveCfg = Release|Any CPU
		{9084271D-2F1C-425B-8C82-9C6E839EF4FB}.Release|Any CPU.Build.0 = Release|Any CPU
		{E6B0C345-800C-40E9-9CC5-4681CC37A6C9}.Debug|Any CPU.ActiveCfg = Debug|Any CPU
		{E6B0C345-800C-40E9-9CC5-4681CC37A6C9}.Debug|Any CPU.Build.0 = Debug|Any CPU
		{E6B0C345-800C-40E9-9CC5-4681CC37A6C9}.Release|Any CPU.ActiveCfg = Release|Any CPU
		{E6B0C345-800C-40E9-9CC5-4681CC37A6C9}.Release|Any CPU.Build.0 = Release|Any CPU
	EndGlobalSection
	GlobalSection(SolutionProperties) = preSolution
		HideSolutionNode = FALSE
	EndGlobalSection
EndGlobal
